
Microsoft Visual Studio Solution File, Format Version 12.00
# Visual Studio Version 16
VisualStudioVersion = 16.0.31321.278
MinimumVisualStudioVersion = 10.0.40219.1
Project("{FAE04EC0-301F-11D3-BF4B-00C04F79EFBC}") = "GSTCalculator", "GSTCalculator\GSTCalculator.csproj", "{9B5E7E67-D58E-45C2-8E4D-BA10DB3705E4}"
EndProject
Project("{FAE04EC0-301F-11D3-BF4B-00C04F79EFBC}") = "GSTCalculator.Tests", "GSTCalculator.Tests\GSTCalculator.Tests.csproj", "{3C43B53F-0ED2-46FC-AEF6-0CFD3AB2ADD5}"
EndProject
Global
	GlobalSection(SolutionConfigurationPlatforms) = preSolution
		Debug|Any CPU = Debug|Any CPU
		Release|Any CPU = Release|Any CPU
	EndGlobalSection
	GlobalSection(ProjectConfigurationPlatforms) = postSolution
		{9B5E7E67-D58E-45C2-8E4D-BA10DB3705E4}.Debug|Any CPU.ActiveCfg = Debug|Any CPU
		{9B5E7E67-D58E-45C2-8E4D-BA10DB3705E4}.Debug|Any CPU.Build.0 = Debug|Any CPU
		{9B5E7E67-D58E-45C2-8E4D-BA10DB3705E4}.Release|Any CPU.ActiveCfg = Release|Any CPU
		{9B5E7E67-D58E-45C2-8E4D-BA10DB3705E4}.Release|Any CPU.Build.0 = Release|Any CPU
		{3C43B53F-0ED2-46FC-AEF6-0CFD3AB2ADD5}.Debug|Any CPU.ActiveCfg = Debug|Any CPU
		{3C43B53F-0ED2-46FC-AEF6-0CFD3AB2ADD5}.Debug|Any CPU.Build.0 = Debug|Any CPU
		{3C43B53F-0ED2-46FC-AEF6-0CFD3AB2ADD5}.Release|Any CPU.ActiveCfg = Release|Any CPU
		{3C43B53F-0ED2-46FC-AEF6-0CFD3AB2ADD5}.Release|Any CPU.Build.0 = Release|Any CPU
	EndGlobalSection
	GlobalSection(SolutionProperties) = preSolution
		HideSolutionNode = FALSE
	EndGlobalSection
	GlobalSection(ExtensibilityGlobals) = postSolution
		SolutionGuid = {04BEB8B6-6E6F-4F54-BB6E-3312F71F9972}
	EndGlobalSection
EndGlobal
